// !$*UTF8*$!
{
	archiveVersion = 1;
	classes = {
	};
	objectVersion = 46;
	objects = {

/* Begin PBXBuildFile section */
		7AACB2E31C1FED6700A354EA /* AppDelegate.swift in Sources */ = {isa = PBXBuildFile; fileRef = 7AACB2E21C1FED6700A354EA /* AppDelegate.swift */; };
		7AACB2E51C1FED6700A354EA /* ViewController.swift in Sources */ = {isa = PBXBuildFile; fileRef = 7AACB2E41C1FED6700A354EA /* ViewController.swift */; };
		7AACB2E81C1FED6700A354EA /* Main.storyboard in Resources */ = {isa = PBXBuildFile; fileRef = 7AACB2E61C1FED6700A354EA /* Main.storyboard */; };
		7AACB2EA1C1FED6700A354EA /* Assets.xcassets in Resources */ = {isa = PBXBuildFile; fileRef = 7AACB2E91C1FED6700A354EA /* Assets.xcassets */; };
		7AACB2ED1C1FED6700A354EA /* LaunchScreen.storyboard in Resources */ = {isa = PBXBuildFile; fileRef = 7AACB2EB1C1FED6700A354EA /* LaunchScreen.storyboard */; };
		7AACB2F81C1FED6800A354EA /* CalculatorTests.swift in Sources */ = {isa = PBXBuildFile; fileRef = 7AACB2F71C1FED6800A354EA /* CalculatorTests.swift */; };
		7AACB3031C1FED6800A354EA /* CalculatorUITests.swift in Sources */ = {isa = PBXBuildFile; fileRef = 7AACB3021C1FED6800A354EA /* CalculatorUITests.swift */; };
/* End PBXBuildFile section */

/* Begin PBXContainerItemProxy section */
		7AACB2F41C1FED6800A354EA /* PBXContainerItemProxy */ = {
			isa = PBXContainerItemProxy;
			containerPortal = 7AACB2D71C1FED6700A354EA /* Project object */;
			proxyType = 1;
			remoteGlobalIDString = 7AACB2DE1C1FED6700A354EA;
			remoteInfo = Calculator;
		};
		7AACB2FF1C1FED6800A354EA /* PBXContainerItemProxy */ = {
			isa = PBXContainerItemProxy;
			containerPortal = 7AACB2D71C1FED6700A354EA /* Project object */;
			proxyType = 1;
			remoteGlobalIDString = 7AACB2DE1C1FED6700A354EA;
			remoteInfo = Calculator;
		};
/* End PBXContainerItemProxy section */

/* Begin PBXFileReference section */
		7AACB2DF1C1FED6700A354EA /* Calculator.app */ = {isa = PBXFileReference; explicitFileType = wrapper.application; includeInIndex = 0; path = Calculator.app; sourceTree = BUILT_PRODUCTS_DIR; };
		7AACB2E21C1FED6700A354EA /* AppDelegate.swift */ = {isa = PBXFileReference; lastKnownFileType = sourcecode.swift; path = AppDelegate.swift; sourceTree = "<group>"; };
		7AACB2E41C1FED6700A354EA /* ViewController.swift */ = {isa = PBXFileReference; lastKnownFileType = sourcecode.swift; path = ViewController.swift; sourceTree = "<group>"; };
		7AACB2E71C1FED6700A354EA /* Base */ = {isa = PBXFileReference; lastKnownFileType = file.storyboard; name = Base; path = Base.lproj/Main.storyboard; sourceTree = "<group>"; };
		7AACB2E91C1FED6700A354EA /* Assets.xcassets */ = {isa = PBXFileReference; lastKnownFileType = folder.assetcatalog; path = Assets.xcassets; sourceTree = "<group>"; };
		7AACB2EC1C1FED6700A354EA /* Base */ = {isa = PBXFileReference; lastKnownFileType = file.storyboard; name = Base; path = Base.lproj/LaunchScreen.storyboard; sourceTree = "<group>"; };
		7AACB2EE1C1FED6700A354EA /* Info.plist */ = {isa = PBXFileReference; lastKnownFileType = text.plist.xml; path = Info.plist; sourceTree = "<group>"; };
		7AACB2F31C1FED6800A354EA /* CalculatorTests.xctest */ = {isa = PBXFileReference; explicitFileType = wrapper.cfbundle; includeInIndex = 0; path = CalculatorTests.xctest; sourceTree = BUILT_PRODUCTS_DIR; };
		7AACB2F71C1FED6800A354EA /* CalculatorTests.swift */ = {isa = PBXFileReference; lastKnownFileType = sourcecode.swift; path = CalculatorTests.swift; sourceTree = "<group>"; };
		7AACB2F91C1FED6800A354EA /* Info.plist */ = {isa = PBXFileReference; lastKnownFileType = text.plist.xml; path = Info.plist; sourceTree = "<group>"; };
		7AACB2FE1C1FED6800A354EA /* CalculatorUITests.xctest */ = {isa = PBXFileReference; explicitFileType = wrapper.cfbundle; includeInIndex = 0; path = CalculatorUITests.xctest; sourceTree = BUILT_PRODUCTS_DIR; };
		7AACB3021C1FED6800A354EA /* CalculatorUITests.swift */ = {isa = PBXFileReference; lastKnownFileType = sourcecode.swift; path = CalculatorUITests.swift; sourceTree = "<group>"; };
		7AACB3041C1FED6800A354EA /* Info.plist */ = {isa = PBXFileReference; lastKnownFileType = text.plist.xml; path = Info.plist; sourceTree = "<group>"; };
/* End PBXFileReference section */

/* Begin PBXFrameworksBuildPhase section */
		7AACB2DC1C1FED6700A354EA /* Frameworks */ = {
			isa = PBXFrameworksBuildPhase;
			buildActionMask = 2147483647;
			files = (
			);
			runOnlyForDeploymentPostprocessing = 0;
		};
		7AACB2F01C1FED6800A354EA /* Frameworks */ = {
			isa = PBXFrameworksBuildPhase;
			buildActionMask = 2147483647;
			files = (
			);
			runOnlyForDeploymentPostprocessing = 0;
		};
		7AACB2FB1C1FED6800A354EA /* Frameworks */ = {
			isa = PBXFrameworksBuildPhase;
			buildActionMask = 2147483647;
			files = (
			);
			runOnlyForDeploymentPostprocessing = 0;
		};
/* End PBXFrameworksBuildPhase section */

/* Begin PBXGroup section */
		7AACB2D61C1FED6700A354EA = {
			isa = PBXGroup;
			children = (
				7AACB2E11C1FED6700A354EA /* Calculator */,
				7AACB2F61C1FED6800A354EA /* CalculatorTests */,
				7AACB3011C1FED6800A354EA /* CalculatorUITests */,
				7AACB2E01C1FED6700A354EA /* Products */,
			);
			sourceTree = "<group>";
		};
		7AACB2E01C1FED6700A354EA /* Products */ = {
			isa = PBXGroup;
			children = (
				7AACB2DF1C1FED6700A354EA /* Calculator.app */,
				7AACB2F31C1FED6800A354EA /* CalculatorTests.xctest */,
				7AACB2FE1C1FED6800A354EA /* CalculatorUITests.xctest */,
			);
			name = Products;
			sourceTree = "<group>";
		};
		7AACB2E11C1FED6700A354EA /* Calculator */ = {
			isa = PBXGroup;
			children = (
				7AACB2E21C1FED6700A354EA /* AppDelegate.swift */,
				7AACB2E41C1FED6700A354EA /* ViewController.swift */,
				7AACB2E61C1FED6700A354EA /* Main.storyboard */,
				7AACB2E91C1FED6700A354EA /* Assets.xcassets */,
				7AACB2EB1C1FED6700A354EA /* LaunchScreen.storyboard */,
				7AACB2EE1C1FED6700A354EA /* Info.plist */,
			);
			path = Calculator;
			sourceTree = "<group>";
		};
		7AACB2F61C1FED6800A354EA /* CalculatorTests */ = {
			isa = PBXGroup;
			children = (
				7AACB2F71C1FED6800A354EA /* CalculatorTests.swift */,
				7AACB2F91C1FED6800A354EA /* Info.plist */,
			);
			path = CalculatorTests;
			sourceTree = "<group>";
		};
		7AACB3011C1FED6800A354EA /* CalculatorUITests */ = {
			isa = PBXGroup;
			children = (
				7AACB3021C1FED6800A354EA /* CalculatorUITests.swift */,
				7AACB3041C1FED6800A354EA /* Info.plist */,
			);
			path = CalculatorUITests;
			sourceTree = "<group>";
		};
/* End PBXGroup section */

/* Begin PBXNativeTarget section */
		7AACB2DE1C1FED6700A354EA /* Calculator */ = {
			isa = PBXNativeTarget;
			buildConfigurationList = 7AACB3071C1FED6800A354EA /* Build configuration list for PBXNativeTarget "Calculator" */;
			buildPhases = (
				7AACB2DB1C1FED6700A354EA /* Sources */,
				7AACB2DC1C1FED6700A354EA /* Frameworks */,
				7AACB2DD1C1FED6700A354EA /* Resources */,
			);
			buildRules = (
			);
			dependencies = (
			);
			name = Calculator;
			productName = Calculator;
			productReference = 7AACB2DF1C1FED6700A354EA /* Calculator.app */;
			productType = "com.apple.product-type.application";
		};
		7AACB2F21C1FED6800A354EA /* CalculatorTests */ = {
			isa = PBXNativeTarget;
			buildConfigurationList = 7AACB30A1C1FED6800A354EA /* Build configuration list for PBXNativeTarget "CalculatorTests" */;
			buildPhases = (
				7AACB2EF1C1FED6800A354EA /* Sources */,
				7AACB2F01C1FED6800A354EA /* Frameworks */,
				7AACB2F11C1FED6800A354EA /* Resources */,
			);
			buildRules = (
			);
			dependencies = (
				7AACB2F51C1FED6800A354EA /* PBXTargetDependency */,
			);
			name = CalculatorTests;
			productName = CalculatorTests;
			productReference = 7AACB2F31C1FED6800A354EA /* CalculatorTests.xctest */;
			productType = "com.apple.product-type.bundle.unit-test";
		};
		7AACB2FD1C1FED6800A354EA /* CalculatorUITests */ = {
			isa = PBXNativeTarget;
			buildConfigurationList = 7AACB30D1C1FED6800A354EA /* Build configuration list for PBXNativeTarget "CalculatorUITests" */;
			buildPhases = (
				7AACB2FA1C1FED6800A354EA /* Sources */,
				7AACB2FB1C1FED6800A354EA /* Frameworks */,
				7AACB2FC1C1FED6800A354EA /* Resources */,
			);
			buildRules = (
			);
			dependencies = (
				7AACB3001C1FED6800A354EA /* PBXTargetDependency */,
			);
			name = CalculatorUITests;
			productName = CalculatorUITests;
			productReference = 7AACB2FE1C1FED6800A354EA /* CalculatorUITests.xctest */;
			productType = "com.apple.product-type.bundle.ui-testing";
		};
/* End PBXNativeTarget section */

/* Begin PBXProject section */
		7AACB2D71C1FED6700A354EA /* Project object */ = {
			isa = PBXProject;
			attributes = {
				LastSwiftUpdateCheck = 0720;
				LastUpgradeCheck = 0720;
				ORGANIZATIONNAME = "Brayan Gallardo";
				TargetAttributes = {
					7AACB2DE1C1FED6700A354EA = {
						CreatedOnToolsVersion = 7.2;
					};
					7AACB2F21C1FED6800A354EA = {
						CreatedOnToolsVersion = 7.2;
						TestTargetID = 7AACB2DE1C1FED6700A354EA;
					};
					7AACB2FD1C1FED6800A354EA = {
						CreatedOnToolsVersion = 7.2;
						TestTargetID = 7AACB2DE1C1FED6700A354EA;
					};
				};
			};
			buildConfigurationList = 7AACB2DA1C1FED6700A354EA /* Build configuration list for PBXProject "Calculator" */;
			compatibilityVersion = "Xcode 3.2";
			developmentRegion = English;
			hasScannedForEncodings = 0;
			knownRegions = (
				en,
				Base,
			);
			mainGroup = 7AACB2D61C1FED6700A354EA;
			productRefGroup = 7AACB2E01C1FED6700A354EA /* Products */;
			projectDirPath = "";
			projectRoot = "";
			targets = (
				7AACB2DE1C1FED6700A354EA /* Calculator */,
				7AACB2F21C1FED6800A354EA /* CalculatorTests */,
				7AACB2FD1C1FED6800A354EA /* CalculatorUITests */,
			);
		};
/* End PBXProject section */

/* Begin PBXResourcesBuildPhase section */
		7AACB2DD1C1FED6700A354EA /* Resources */ = {
			isa = PBXResourcesBuildPhase;
			buildActionMask = 2147483647;
			files = (
				7AACB2ED1C1FED6700A354EA /* LaunchScreen.storyboard in Resources */,
				7AACB2EA1C1FED6700A354EA /* Assets.xcassets in Resources */,
				7AACB2E81C1FED6700A354EA /* Main.storyboard in Resources */,
			);
			runOnlyForDeploymentPostprocessing = 0;
		};
		7AACB2F11C1FED6800A354EA /* Resources */ = {
			isa = PBXResourcesBuildPhase;
			buildActionMask = 2147483647;
			files = (
			);
			runOnlyForDeploymentPostprocessing = 0;
		};
		7AACB2FC1C1FED6800A354EA /* Resources */ = {
			isa = PBXResourcesBuildPhase;
			buildActionMask = 2147483647;
			files = (
			);
			runOnlyForDeploymentPostprocessing = 0;
		};
/* End PBXResourcesBuildPhase section */

/* Begin PBXSourcesBuildPhase section */
		7AACB2DB1C1FED6700A354EA /* Sources */ = {
			isa = PBXSourcesBuildPhase;
			buildActionMask = 2147483647;
			files = (
				7AACB2E51C1FED6700A354EA /* ViewController.swift in Sources */,
				7AACB2E31C1FED6700A354EA /* AppDelegate.swift in Sources */,
			);
			runOnlyForDeploymentPostprocessing = 0;
		};
		7AACB2EF1C1FED6800A354EA /* Sources */ = {
			isa = PBXSourcesBuildPhase;
			buildActionMask = 2147483647;
			files = (
				7AACB2F81C1FED6800A354EA /* CalculatorTests.swift in Sources */,
			);
			runOnlyForDeploymentPostprocessing = 0;
		};
		7AACB2FA1C1FED6800A354EA /* Sources */ = {
			isa = PBXSourcesBuildPhase;
			buildActionMask = 2147483647;
			files = (
				7AACB3031C1FED6800A354EA /* CalculatorUITests.swift in Sources */,
			);
			runOnlyForDeploymentPostprocessing = 0;
		};
/* End PBXSourcesBuildPhase section */

/* Begin PBXTargetDependency section */
		7AACB2F51C1FED6800A354EA /* PBXTargetDependency */ = {
			isa = PBXTargetDependency;
			target = 7AACB2DE1C1FED6700A354EA /* Calculator */;
			targetProxy = 7AACB2F41C1FED6800A354EA /* PBXContainerItemProxy */;
		};
		7AACB3001C1FED6800A354EA /* PBXTargetDependency */ = {
			isa = PBXTargetDependency;
			target = 7AACB2DE1C1FED6700A354EA /* Calculator */;
			targetProxy = 7AACB2FF1C1FED6800A354EA /* PBXContainerItemProxy */;
		};
/* End PBXTargetDependency section */

/* Begin PBXVariantGroup section */
		7AACB2E61C1FED6700A354EA /* Main.storyboard */ = {
			isa = PBXVariantGroup;
			children = (
				7AACB2E71C1FED6700A354EA /* Base */,
			);
			name = Main.storyboard;
			sourceTree = "<group>";
		};
		7AACB2EB1C1FED6700A354EA /* LaunchScreen.storyboard */ = {
			isa = PBXVariantGroup;
			children = (
				7AACB2EC1C1FED6700A354EA /* Base */,
			);
			name = LaunchScreen.storyboard;
			sourceTree = "<group>";
		};
/* End PBXVariantGroup section */

/* Begin XCBuildConfiguration section */
		7AACB3051C1FED6800A354EA /* Debug */ = {
			isa = XCBuildConfiguration;
			buildSettings = {
				ALWAYS_SEARCH_USER_PATHS = NO;
				CLANG_CXX_LANGUAGE_STANDARD = "gnu++0x";
				CLANG_CXX_LIBRARY = "libc++";
				CLANG_ENABLE_MODULES = YES;
				CLANG_ENABLE_OBJC_ARC = YES;
				CLANG_WARN_BOOL_CONVERSION = YES;
				CLANG_WARN_CONSTANT_CONVERSION = YES;
				CLANG_WARN_DIRECT_OBJC_ISA_USAGE = YES_ERROR;
				CLANG_WARN_EMPTY_BODY = YES;
				CLANG_WARN_ENUM_CONVERSION = YES;
				CLANG_WARN_INT_CONVERSION = YES;
				CLANG_WARN_OBJC_ROOT_CLASS = YES_ERROR;
				CLANG_WARN_UNREACHABLE_CODE = YES;
				CLANG_WARN__DUPLICATE_METHOD_MATCH = YES;
				"CODE_SIGN_IDENTITY[sdk=iphoneos*]" = "iPhone Developer";
				COPY_PHASE_STRIP = NO;
				DEBUG_INFORMATION_FORMAT = dwarf;
				ENABLE_STRICT_OBJC_MSGSEND = YES;
				ENABLE_TESTABILITY = YES;
				GCC_C_LANGUAGE_STANDARD = gnu99;
				GCC_DYNAMIC_NO_PIC = NO;
				GCC_NO_COMMON_BLOCKS = YES;
				GCC_OPTIMIZATION_LEVEL = 0;
				GCC_PREPROCESSOR_DEFINITIONS = (
					"DEBUG=1",
					"$(inherited)",
				);
				GCC_WARN_64_TO_32_BIT_CONVERSION = YES;
				GCC_WARN_ABOUT_RETURN_TYPE = YES_ERROR;
				GCC_WARN_UNDECLARED_SELECTOR = YES;
				GCC_WARN_UNINITIALIZED_AUTOS = YES_AGGRESSIVE;
				GCC_WARN_UNUSED_FUNCTION = YES;
				GCC_WARN_UNUSED_VARIABLE = YES;
				IPHONEOS_DEPLOYMENT_TARGET = 9.2;
				MTL_ENABLE_DEBUG_INFO = YES;
				ONLY_ACTIVE_ARCH = YES;
				SDKROOT = iphoneos;
				SWIFT_OPTIMIZATION_LEVEL = "-Onone";
				TARGETED_DEVICE_FAMILY = "1,2";
			};
			name = Debug;
		};
		7AACB3061C1FED6800A354EA /* Release */ = {
			isa = XCBuildConfiguration;
			buildSettings = {
				ALWAYS_SEARCH_USER_PATHS = NO;
				CLANG_CXX_LANGUAGE_STANDARD = "gnu++0x";
				CLANG_CXX_LIBRARY = "libc++";
				CLANG_ENABLE_MODULES = YES;
				CLANG_ENABLE_OBJC_ARC = YES;
				CLANG_WARN_BOOL_CONVERSION = YES;
				CLANG_WARN_CONSTANT_CONVERSION = YES;
				CLANG_WARN_DIRECT_OBJC_ISA_USAGE = YES_ERROR;
				CLANG_WARN_EMPTY_BODY = YES;
				CLANG_WARN_ENUM_CONVERSION = YES;
				CLANG_WARN_INT_CONVERSION = YES;
				CLANG_WARN_OBJC_ROOT_CLASS = YES_ERROR;
				CLANG_WARN_UNREACHABLE_CODE = YES;
				CLANG_WARN__DUPLICATE_METHOD_MATCH = YES;
				"CODE_SIGN_IDENTITY[sdk=iphoneos*]" = "iPhone Developer";
				COPY_PHASE_STRIP = NO;
				DEBUG_INFORMATION_FORMAT = "dwarf-with-dsym";
				ENABLE_NS_ASSERTIONS = NO;
				ENABLE_STRICT_OBJC_MSGSEND = YES;
				GCC_C_LANGUAGE_STANDARD = gnu99;
				GCC_NO_COMMON_BLOCKS = YES;
				GCC_WARN_64_TO_32_BIT_CONVERSION = YES;
				GCC_WARN_ABOUT_RETURN_TYPE = YES_ERROR;
				GCC_WARN_UNDECLARED_SELECTOR = YES;
				GCC_WARN_UNINITIALIZED_AUTOS = YES_AGGRESSIVE;
				GCC_WARN_UNUSED_FUNCTION = YES;
				GCC_WARN_UNUSED_VARIABLE = YES;
				IPHONEOS_DEPLOYMENT_TARGET = 9.2;
				MTL_ENABLE_DEBUG_INFO = NO;
				SDKROOT = iphoneos;
				TARGETED_DEVICE_FAMILY = "1,2";
				VALIDATE_PRODUCT = YES;
			};
			name = Release;
		};
		7AACB3081C1FED6800A354EA /* Debug */ = {
			isa = XCBuildConfiguration;
			buildSettings = {
				ASSETCATALOG_COMPILER_APPICON_NAME = AppIcon;
				INFOPLIST_FILE = Calculator/Info.plist;
				LD_RUNPATH_SEARCH_PATHS = "$(inherited) @executable_path/Frameworks";
				PRODUCT_BUNDLE_IDENTIFIER = BrayanGallardo.Calculator;
				PRODUCT_NAME = "$(TARGET_NAME)";
			};
			name = Debug;
		};
		7AACB3091C1FED6800A354EA /* Release */ = {
			isa = XCBuildConfiguration;
			buildSettings = {
				ASSETCATALOG_COMPILER_APPICON_NAME = AppIcon;
				INFOPLIST_FILE = Calculator/Info.plist;
				LD_RUNPATH_SEARCH_PATHS = "$(inherited) @executable_path/Frameworks";
				PRODUCT_BUNDLE_IDENTIFIER = BrayanGallardo.Calculator;
				PRODUCT_NAME = "$(TARGET_NAME)";
			};
			name = Release;
		};
		7AACB30B1C1FED6800A354EA /* Debug */ = {
			isa = XCBuildConfiguration;
			buildSettings = {
				BUNDLE_LOADER = "$(TEST_HOST)";
				INFOPLIST_FILE = CalculatorTests/Info.plist;
				LD_RUNPATH_SEARCH_PATHS = "$(inherited) @executable_path/Frameworks @loader_path/Frameworks";
				PRODUCT_BUNDLE_IDENTIFIER = BrayanGallardo.CalculatorTests;
				PRODUCT_NAME = "$(TARGET_NAME)";
				TEST_HOST = "$(BUILT_PRODUCTS_DIR)/Calculator.app/Calculator";
			};
			name = Debug;
		};
		7AACB30C1C1FED6800A354EA /* Release */ = {
			isa = XCBuildConfiguration;
			buildSettings = {
				BUNDLE_LOADER = "$(TEST_HOST)";
				INFOPLIST_FILE = CalculatorTests/Info.plist;
				LD_RUNPATH_SEARCH_PATHS = "$(inherited) @executable_path/Frameworks @loader_path/Frameworks";
				PRODUCT_BUNDLE_IDENTIFIER = BrayanGallardo.CalculatorTests;
				PRODUCT_NAME = "$(TARGET_NAME)";
				TEST_HOST = "$(BUILT_PRODUCTS_DIR)/Calculator.app/Calculator";
			};
			name = Release;
		};
		7AACB30E1C1FED6800A354EA /* Debug */ = {
			isa = XCBuildConfiguration;
			buildSettings = {
				INFOPLIST_FILE = CalculatorUITests/Info.plist;
				LD_RUNPATH_SEARCH_PATHS = "$(inherited) @executable_path/Frameworks @loader_path/Frameworks";
				PRODUCT_BUNDLE_IDENTIFIER = BrayanGallardo.CalculatorUITests;
				PRODUCT_NAME = "$(TARGET_NAME)";
				TEST_TARGET_NAME = Calculator;
				USES_XCTRUNNER = YES;
			};
			name = Debug;
		};
		7AACB30F1C1FED6800A354EA /* Release */ = {
			isa = XCBuildConfiguration;
			buildSettings = {
				INFOPLIST_FILE = CalculatorUITests/Info.plist;
				LD_RUNPATH_SEARCH_PATHS = "$(inherited) @executable_path/Frameworks @loader_path/Frameworks";
				PRODUCT_BUNDLE_IDENTIFIER = BrayanGallardo.CalculatorUITests;
				PRODUCT_NAME = "$(TARGET_NAME)";
				TEST_TARGET_NAME = Calculator;
				USES_XCTRUNNER = YES;
			};
			name = Release;
		};
/* End XCBuildConfiguration section */

/* Begin XCConfigurationList section */
		7AACB2DA1C1FED6700A354EA /* Build configuration list for PBXProject "Calculator" */ = {
			isa = XCConfigurationList;
			buildConfigurations = (
				7AACB3051C1FED6800A354EA /* Debug */,
				7AACB3061C1FED6800A354EA /* Release */,
			);
			defaultConfigurationIsVisible = 0;
			defaultConfigurationName = Release;
		};
		7AACB3071C1FED6800A354EA /* Build configuration list for PBXNativeTarget "Calculator" */ = {
			isa = XCConfigurationList;
			buildConfigurations = (
				7AACB3081C1FED6800A354EA /* Debug */,
				7AACB3091C1FED6800A354EA /* Release */,
			);
			defaultConfigurationIsVisible = 0;
			defaultConfigurationName = Release;
		};
		7AACB30A1C1FED6800A354EA /* Build configuration list for PBXNativeTarget "CalculatorTests" */ = {
			isa = XCConfigurationList;
			buildConfigurations = (
				7AACB30B1C1FED6800A354EA /* Debug */,
				7AACB30C1C1FED6800A354EA /* Release */,
			);
			defaultConfigurationIsVisible = 0;
			defaultConfigurationName = Release;
		};
		7AACB30D1C1FED6800A354EA /* Build configuration list for PBXNativeTarget "CalculatorUITests" */ = {
			isa = XCConfigurationList;
			buildConfigurations = (
				7AACB30E1C1FED6800A354EA /* Debug */,
				7AACB30F1C1FED6800A354EA /* Release */,
			);
			defaultConfigurationIsVisible = 0;
			defaultConfigurationName = Release;
		};
/* End XCConfigurationList section */
	};
	rootObject = 7AACB2D71C1FED6700A354EA /* Project object */;
}
